
Microsoft Visual Studio Solution File, Format Version 12.00
# Visual Studio Version 17
VisualStudioVersion = 17.14.36603.0 d17.14
MinimumVisualStudioVersion = 10.0.40219.1
Project("{FAE04EC0-301F-11D3-BF4B-00C04F79EFBC}") = "QuizApplication", "QuizApplication\QuizApplication.csproj", "{FDE7CC5D-CB48-4FB8-A4F8-5A5D39F04ED6}"
EndProject
Global
	GlobalSection(SolutionConfigurationPlatforms) = preSolution
		Debug|Any CPU = Debug|Any CPU
		Release|Any CPU = Release|Any CPU
	EndGlobalSection
	GlobalSection(ProjectConfigurationPlatforms) = postSolution
		{FDE7CC5D-CB48-4FB8-A4F8-5A5D39F04ED6}.Debug|Any CPU.ActiveCfg = Debug|Any CPU
		{FDE7CC5D-CB48-4FB8-A4F8-5A5D39F04ED6}.Debug|Any CPU.Build.0 = Debug|Any CPU
		{FDE7CC5D-CB48-4FB8-A4F8-5A5D39F04ED6}.Release|Any CPU.ActiveCfg = Release|Any CPU
		{FDE7CC5D-CB48-4FB8-A4F8-5A5D39F04ED6}.Release|Any CPU.Build.0 = Release|Any CPU
	EndGlobalSection
	GlobalSection(SolutionProperties) = preSolution
		HideSolutionNode = FALSE
	EndGlobalSection
	GlobalSection(ExtensibilityGlobals) = postSolution
		SolutionGuid = {82018652-471E-4584-A855-D063E9AB50E4}
	EndGlobalSection
EndGlobal
